
Microsoft Visual Studio Solution File, Format Version 12.00
# Visual Studio Version 17
VisualStudioVersion = 17.2.32616.157
MinimumVisualStudioVersion = 10.0.40219.1
Project("{FAE04EC0-301F-11D3-BF4B-00C04F79EFBC}") = "provaBiblioteca_", "provaBiblioteca_\provaBiblioteca_.csproj", "{50F98E29-83BF-41A3-AD89-C19922845DF5}"
EndProject
Global
	GlobalSection(SolutionConfigurationPlatforms) = preSolution
		Debug|Any CPU = Debug|Any CPU
		Release|Any CPU = Release|Any CPU
	EndGlobalSection
	GlobalSection(ProjectConfigurationPlatforms) = postSolution
		{50F98E29-83BF-41A3-AD89-C19922845DF5}.Debug|Any CPU.ActiveCfg = Debug|Any CPU
		{50F98E29-83BF-41A3-AD89-C19922845DF5}.Debug|Any CPU.Build.0 = Debug|Any CPU
		{50F98E29-83BF-41A3-AD89-C19922845DF5}.Release|Any CPU.ActiveCfg = Release|Any CPU
		{50F98E29-83BF-41A3-AD89-C19922845DF5}.Release|Any CPU.Build.0 = Release|Any CPU
	EndGlobalSection
	GlobalSection(SolutionProperties) = preSolution
		HideSolutionNode = FALSE
	EndGlobalSection
	GlobalSection(ExtensibilityGlobals) = postSolution
		SolutionGuid = {D5052BCA-E43E-46D1-926B-CEA862A40EC6}
	EndGlobalSection
EndGlobal
